
Microsoft Visual Studio Solution File, Format Version 12.00
# Visual Studio Version 17
VisualStudioVersion = 17.0.31903.59
MinimumVisualStudioVersion = 10.0.40219.1
Project("{FAE04EC0-301F-11D3-BF4B-00C04F79EFBC}") = "Domain", "Domain\Domain.csproj", "{29F7B1A6-BF68-4D07-B129-14691859EB95}"
EndProject
Project("{FAE04EC0-301F-11D3-BF4B-00C04F79EFBC}") = "Core", "Core\Core.csproj", "{15E091BD-20A2-4867-AC12-D3CA3B6A1257}"
EndProject
Project("{FAE04EC0-301F-11D3-BF4B-00C04F79EFBC}") = "Contracts", "Contracts\Contracts.csproj", "{D0AAE05B-1DA9-4901-AE40-3D6FDCB31704}"
EndProject
Project("{FAE04EC0-301F-11D3-BF4B-00C04F79EFBC}") = "Application", "Application\Application.csproj", "{C7BF972C-6AF5-42A8-992D-700DD601BD3D}"
EndProject
Project("{FAE04EC0-301F-11D3-BF4B-00C04F79EFBC}") = "Infrastructure", "Infrastructure\Infrastructure.csproj", "{239F5213-CB5C-4AC5-A338-44D7045A4503}"
EndProject
Project("{FAE04EC0-301F-11D3-BF4B-00C04F79EFBC}") = "API", "API\API.csproj", "{B5C21C00-EAFA-4AF1-B4E1-72706D269563}"
EndProject
Project("{2150E333-8FDC-42A3-9474-1A3956D46DE8}") = "tests", "tests", "{0AB3BF05-4346-4AA6-1389-037BE0695223}"
EndProject
Project("{FAE04EC0-301F-11D3-BF4B-00C04F79EFBC}") = "Domain.Tests", "tests\Domain.Tests\Domain.Tests.csproj", "{0C57A3F5-07C9-44B8-8A71-5A792AEBCA11}"
EndProject
Project("{FAE04EC0-301F-11D3-BF4B-00C04F79EFBC}") = "Application.Tests", "tests\Application.Tests\Application.Tests.csproj", "{A3C072D3-2AAE-4FC0-922E-C4745379C6D9}"
EndProject
Global
	GlobalSection(SolutionConfigurationPlatforms) = preSolution
		Debug|Any CPU = Debug|Any CPU
		Debug|x64 = Debug|x64
		Debug|x86 = Debug|x86
		Release|Any CPU = Release|Any CPU
		Release|x64 = Release|x64
		Release|x86 = Release|x86
	EndGlobalSection
	GlobalSection(ProjectConfigurationPlatforms) = postSolution
		{29F7B1A6-BF68-4D07-B129-14691859EB95}.Debug|Any CPU.ActiveCfg = Debug|Any CPU
		{29F7B1A6-BF68-4D07-B129-14691859EB95}.Debug|Any CPU.Build.0 = Debug|Any CPU
		{29F7B1A6-BF68-4D07-B129-14691859EB95}.Debug|x64.ActiveCfg = Debug|Any CPU
		{29F7B1A6-BF68-4D07-B129-14691859EB95}.Debug|x64.Build.0 = Debug|Any CPU
		{29F7B1A6-BF68-4D07-B129-14691859EB95}.Debug|x86.ActiveCfg = Debug|Any CPU
		{29F7B1A6-BF68-4D07-B129-14691859EB95}.Debug|x86.Build.0 = Debug|Any CPU
		{29F7B1A6-BF68-4D07-B129-14691859EB95}.Release|Any CPU.ActiveCfg = Release|Any CPU
		{29F7B1A6-BF68-4D07-B129-14691859EB95}.Release|Any CPU.Build.0 = Release|Any CPU
		{29F7B1A6-BF68-4D07-B129-14691859EB95}.Release|x64.ActiveCfg = Release|Any CPU
		{29F7B1A6-BF68-4D07-B129-14691859EB95}.Release|x64.Build.0 = Release|Any CPU
		{29F7B1A6-BF68-4D07-B129-14691859EB95}.Release|x86.ActiveCfg = Release|Any CPU
		{29F7B1A6-BF68-4D07-B129-14691859EB95}.Release|x86.Build.0 = Release|Any CPU
		{15E091BD-20A2-4867-AC12-D3CA3B6A1257}.Debug|Any CPU.ActiveCfg = Debug|Any CPU
		{15E091BD-20A2-4867-AC12-D3CA3B6A1257}.Debug|Any CPU.Build.0 = Debug|Any CPU
		{15E091BD-20A2-4867-AC12-D3CA3B6A1257}.Debug|x64.ActiveCfg = Debug|Any CPU
		{15E091BD-20A2-4867-AC12-D3CA3B6A1257}.Debug|x64.Build.0 = Debug|Any CPU
		{15E091BD-20A2-4867-AC12-D3CA3B6A1257}.Debug|x86.ActiveCfg = Debug|Any CPU
		{15E091BD-20A2-4867-AC12-D3CA3B6A1257}.Debug|x86.Build.0 = Debug|Any CPU
		{15E091BD-20A2-4867-AC12-D3CA3B6A1257}.Release|Any CPU.ActiveCfg = Release|Any CPU
		{15E091BD-20A2-4867-AC12-D3CA3B6A1257}.Release|Any CPU.Build.0 = Release|Any CPU
		{15E091BD-20A2-4867-AC12-D3CA3B6A1257}.Release|x64.ActiveCfg = Release|Any CPU
		{15E091BD-20A2-4867-AC12-D3CA3B6A1257}.Release|x64.Build.0 = Release|Any CPU
		{15E091BD-20A2-4867-AC12-D3CA3B6A1257}.Release|x86.ActiveCfg = Release|Any CPU
		{15E091BD-20A2-4867-AC12-D3CA3B6A1257}.Release|x86.Build.0 = Release|Any CPU
		{D0AAE05B-1DA9-4901-AE40-3D6FDCB31704}.Debug|Any CPU.ActiveCfg = Debug|Any CPU
		{D0AAE05B-1DA9-4901-AE40-3D6FDCB31704}.Debug|Any CPU.Build.0 = Debug|Any CPU
		{D0AAE05B-1DA9-4901-AE40-3D6FDCB31704}.Debug|x64.ActiveCfg = Debug|Any CPU
		{D0AAE05B-1DA9-4901-AE40-3D6FDCB31704}.Debug|x64.Build.0 = Debug|Any CPU
		{D0AAE05B-1DA9-4901-AE40-3D6FDCB31704}.Debug|x86.ActiveCfg = Debug|Any CPU
		{D0AAE05B-1DA9-4901-AE40-3D6FDCB31704}.Debug|x86.Build.0 = Debug|Any CPU
		{D0AAE05B-1DA9-4901-AE40-3D6FDCB31704}.Release|Any CPU.ActiveCfg = Release|Any CPU
		{D0AAE05B-1DA9-4901-AE40-3D6FDCB31704}.Release|Any CPU.Build.0 = Release|Any CPU
		{D0AAE05B-1DA9-4901-AE40-3D6FDCB31704}.Release|x64.ActiveCfg = Release|Any CPU
		{D0AAE05B-1DA9-4901-AE40-3D6FDCB31704}.Release|x64.Build.0 = Release|Any CPU
		{D0AAE05B-1DA9-4901-AE40-3D6FDCB31704}.Release|x86.ActiveCfg = Release|Any CPU
		{D0AAE05B-1DA9-4901-AE40-3D6FDCB31704}.Release|x86.Build.0 = Release|Any CPU
		{C7BF972C-6AF5-42A8-992D-700DD601BD3D}.Debug|Any CPU.ActiveCfg = Debug|Any CPU
		{C7BF972C-6AF5-42A8-992D-700DD601BD3D}.Debug|Any CPU.Build.0 = Debug|Any CPU
		{C7BF972C-6AF5-42A8-992D-700DD601BD3D}.Debug|x64.ActiveCfg = Debug|Any CPU
		{C7BF972C-6AF5-42A8-992D-700DD601BD3D}.Debug|x64.Build.0 = Debug|Any CPU
		{C7BF972C-6AF5-42A8-992D-700DD601BD3D}.Debug|x86.ActiveCfg = Debug|Any CPU
		{C7BF972C-6AF5-42A8-992D-700DD601BD3D}.Debug|x86.Build.0 = Debug|Any CPU
		{C7BF972C-6AF5-42A8-992D-700DD601BD3D}.Release|Any CPU.ActiveCfg = Release|Any CPU
		{C7BF972C-6AF5-42A8-992D-700DD601BD3D}.Release|Any CPU.Build.0 = Release|Any CPU
		{C7BF972C-6AF5-42A8-992D-700DD601BD3D}.Release|x64.ActiveCfg = Release|Any CPU
		{C7BF972C-6AF5-42A8-992D-700DD601BD3D}.Release|x64.Build.0 = Release|Any CPU
		{C7BF972C-6AF5-42A8-992D-700DD601BD3D}.Release|x86.ActiveCfg = Release|Any CPU
		{C7BF972C-6AF5-42A8-992D-700DD601BD3D}.Release|x86.Build.0 = Release|Any CPU
		{239F5213-CB5C-4AC5-A338-44D7045A4503}.Debug|Any CPU.ActiveCfg = Debug|Any CPU
		{239F5213-CB5C-4AC5-A338-44D7045A4503}.Debug|Any CPU.Build.0 = Debug|Any CPU
		{239F5213-CB5C-4AC5-A338-44D7045A4503}.Debug|x64.ActiveCfg = Debug|Any CPU
		{239F5213-CB5C-4AC5-A338-44D7045A4503}.Debug|x64.Build.0 = Debug|Any CPU
		{239F5213-CB5C-4AC5-A338-44D7045A4503}.Debug|x86.ActiveCfg = Debug|Any CPU
		{239F5213-CB5C-4AC5-A338-44D7045A4503}.Debug|x86.Build.0 = Debug|Any CPU
		{239F5213-CB5C-4AC5-A338-44D7045A4503}.Release|Any CPU.ActiveCfg = Release|Any CPU
		{239F5213-CB5C-4AC5-A338-44D7045A4503}.Release|Any CPU.Build.0 = Release|Any CPU
		{239F5213-CB5C-4AC5-A338-44D7045A4503}.Release|x64.ActiveCfg = Release|Any CPU
		{239F5213-CB5C-4AC5-A338-44D7045A4503}.Release|x64.Build.0 = Release|Any CPU
		{239F5213-CB5C-4AC5-A338-44D7045A4503}.Release|x86.ActiveCfg = Release|Any CPU
		{239F5213-CB5C-4AC5-A338-44D7045A4503}.Release|x86.Build.0 = Release|Any CPU
		{B5C21C00-EAFA-4AF1-B4E1-72706D269563}.Debug|Any CPU.ActiveCfg = Debug|Any CPU
		{B5C21C00-EAFA-4AF1-B4E1-72706D269563}.Debug|Any CPU.Build.0 = Debug|Any CPU
		{B5C21C00-EAFA-4AF1-B4E1-72706D269563}.Debug|x64.ActiveCfg = Debug|Any CPU
		{B5C21C00-EAFA-4AF1-B4E1-72706D269563}.Debug|x64.Build.0 = Debug|Any CPU
		{B5C21C00-EAFA-4AF1-B4E1-72706D269563}.Debug|x86.ActiveCfg = Debug|Any CPU
		{B5C21C00-EAFA-4AF1-B4E1-72706D269563}.Debug|x86.Build.0 = Debug|Any CPU
		{B5C21C00-EAFA-4AF1-B4E1-72706D269563}.Release|Any CPU.ActiveCfg = Release|Any CPU
		{B5C21C00-EAFA-4AF1-B4E1-72706D269563}.Release|Any CPU.Build.0 = Release|Any CPU
		{B5C21C00-EAFA-4AF1-B4E1-72706D269563}.Release|x64.ActiveCfg = Release|Any CPU
		{B5C21C00-EAFA-4AF1-B4E1-72706D269563}.Release|x64.Build.0 = Release|Any CPU
		{B5C21C00-EAFA-4AF1-B4E1-72706D269563}.Release|x86.ActiveCfg = Release|Any CPU
		{B5C21C00-EAFA-4AF1-B4E1-72706D269563}.Release|x86.Build.0 = Release|Any CPU
		{0C57A3F5-07C9-44B8-8A71-5A792AEBCA11}.Debug|Any CPU.ActiveCfg = Debug|Any CPU
		{0C57A3F5-07C9-44B8-8A71-5A792AEBCA11}.Debug|Any CPU.Build.0 = Debug|Any CPU
		{0C57A3F5-07C9-44B8-8A71-5A792AEBCA11}.Debug|x64.ActiveCfg = Debug|Any CPU
		{0C57A3F5-07C9-44B8-8A71-5A792AEBCA11}.Debug|x64.Build.0 = Debug|Any CPU
		{0C57A3F5-07C9-44B8-8A71-5A792AEBCA11}.Debug|x86.ActiveCfg = Debug|Any CPU
		{0C57A3F5-07C9-44B8-8A71-5A792AEBCA11}.Debug|x86.Build.0 = Debug|Any CPU
		{0C57A3F5-07C9-44B8-8A71-5A792AEBCA11}.Release|Any CPU.ActiveCfg = Release|Any CPU
		{0C57A3F5-07C9-44B8-8A71-5A792AEBCA11}.Release|Any CPU.Build.0 = Release|Any CPU
		{0C57A3F5-07C9-44B8-8A71-5A792AEBCA11}.Release|x64.ActiveCfg = Release|Any CPU
		{0C57A3F5-07C9-44B8-8A71-5A792AEBCA11}.Release|x64.Build.0 = Release|Any CPU
		{0C57A3F5-07C9-44B8-8A71-5A792AEBCA11}.Release|x86.ActiveCfg = Release|Any CPU
		{0C57A3F5-07C9-44B8-8A71-5A792AEBCA11}.Release|x86.Build.0 = Release|Any CPU
		{A3C072D3-2AAE-4FC0-922E-C4745379C6D9}.Debug|Any CPU.ActiveCfg = Debug|Any CPU
		{A3C072D3-2AAE-4FC0-922E-C4745379C6D9}.Debug|Any CPU.Build.0 = Debug|Any CPU
		{A3C072D3-2AAE-4FC0-922E-C4745379C6D9}.Debug|x64.ActiveCfg = Debug|Any CPU
		{A3C072D3-2AAE-4FC0-922E-C4745379C6D9}.Debug|x64.Build.0 = Debug|Any CPU
		{A3C072D3-2AAE-4FC0-922E-C4745379C6D9}.Debug|x86.ActiveCfg = Debug|Any CPU
		{A3C072D3-2AAE-4FC0-922E-C4745379C6D9}.Debug|x86.Build.0 = Debug|Any CPU
		{A3C072D3-2AAE-4FC0-922E-C4745379C6D9}.Release|Any CPU.ActiveCfg = Release|Any CPU
		{A3C072D3-2AAE-4FC0-922E-C4745379C6D9}.Release|Any CPU.Build.0 = Release|Any CPU
		{A3C072D3-2AAE-4FC0-922E-C4745379C6D9}.Release|x64.ActiveCfg = Release|Any CPU
		{A3C072D3-2AAE-4FC0-922E-C4745379C6D9}.Release|x64.Build.0 = Release|Any CPU
		{A3C072D3-2AAE-4FC0-922E-C4745379C6D9}.Release|x86.ActiveCfg = Release|Any CPU
		{A3C072D3-2AAE-4FC0-922E-C4745379C6D9}.Release|x86.Build.0 = Release|Any CPU
	EndGlobalSection
	GlobalSection(SolutionProperties) = preSolution
		HideSolutionNode = FALSE
	EndGlobalSection
	GlobalSection(NestedProjects) = preSolution
		{0C57A3F5-07C9-44B8-8A71-5A792AEBCA11} = {0AB3BF05-4346-4AA6-1389-037BE0695223}
		{A3C072D3-2AAE-4FC0-922E-C4745379C6D9} = {0AB3BF05-4346-4AA6-1389-037BE0695223}
	EndGlobalSection
EndGlobal
